<?xml version="1.0" encoding="utf-8"?>
<Project ToolsVersion="4.0" xmlns="http://schemas.microsoft.com/developer/msbuild/2003">
  <ItemGroup>
    <Filter Include="Source Files">
      <UniqueIdentifier>{bc19807e-7ffb-4837-b3f1-4ce683dafd7d}</UniqueIdentifier>
      <Extensions>cpp;c;cxx;rc;def;r;odl;idl;hpj;bat</Extensions>
    </Filter>
    <Filter Include="Header Files">
      <UniqueIdentifier>{39d6b9c8-a2c8-447d-ab63-b488fb268b65}</UniqueIdentifier>
      <Extensions>h;hpp;hxx;hm;inl</Extensions>
    </Filter>
    <Filter Include="Resource Files">
      <UniqueIdentifier>{85aea4f0-e25b-4f7d-a2a1-ecbef6bb1e50}</UniqueIdentifier>
      <Extensions>ico;cur;bmp;dlg;rc2;rct;bin;rgs;gif;jpg;jpeg;jpe</Extensions>
    </Filter>
  </ItemGroup>
  <ItemGroup>
    <ClCompile Include="Afc.cpp">
      <Filter>Source Files</Filter>
    </ClCompile>
    <ClCompile Include="CreateHandler.cpp">
      <Filter>Source Files</Filter>
    </ClCompile>
    <ClCompile Include="EditHandler.cpp">
      <Filter>Source Files</Filter>
    </ClCompile>
    <ClCompile Include="FileHandler.cpp">
      <Filter>Source Files</Filter>
    </ClCompile>
    <ClCompile Include="History.cpp">
      <Filter>Source Files</Filter>
    </ClCompile>
    <ClCompile Include="InitHandler.cpp">
      <Filter>Source Files</Filter>
    </ClCompile>
    <ClCompile Include="KeyHandler.cpp">
      <Filter>Source Files</Filter>
    </ClCompile>
    <ClCompile Include="..\System\Math.cpp">
      <Filter>Source Files</Filter>
    </ClCompile>
    <ClCompile Include="ModifierStack.cpp">
      <Filter>Source Files</Filter>
    </ClCompile>
    <ClCompile Include="MouseHandler.cpp">
      <Filter>Source Files</Filter>
    </ClCompile>
    <ClCompile Include="Options.cpp">
      <Filter>Source Files</Filter>
    </ClCompile>
    <ClCompile Include="SelectHandler.cpp">
      <Filter>Source Files</Filter>
    </ClCompile>
    <ClCompile Include="Selection.cpp">
      <Filter>Source Files</Filter>
    </ClCompile>
    <ClCompile Include="Shadow.cpp">
      <Filter>Source Files</Filter>
    </ClCompile>
    <ClCompile Include="State.cpp">
      <Filter>Source Files</Filter>
    </ClCompile>
    <ClCompile Include="StdAfx.cpp">
      <Filter>Source Files</Filter>
    </ClCompile>
    <ClCompile Include="System.cpp">
      <Filter>Source Files</Filter>
    </ClCompile>
    <ClCompile Include="Timeline.cpp">
      <Filter>Source Files</Filter>
    </ClCompile>
    <ClCompile Include="..\System\Timer.cpp">
      <Filter>Source Files</Filter>
    </ClCompile>
    <ClCompile Include="View.cpp">
      <Filter>Source Files</Filter>
    </ClCompile>
    <ClCompile Include="ViewHandler.cpp">
      <Filter>Source Files</Filter>
    </ClCompile>
    <ClCompile Include="ViewUI.cpp">
      <Filter>Source Files</Filter>
    </ClCompile>
  </ItemGroup>
  <ItemGroup>
    <ClInclude Include="Afc.h">
      <Filter>Header Files</Filter>
    </ClInclude>
    <ClInclude Include="CreateHandler.h">
      <Filter>Header Files</Filter>
    </ClInclude>
    <ClInclude Include="EditHandler.h">
      <Filter>Header Files</Filter>
    </ClInclude>
    <ClInclude Include="FileHandler.h">
      <Filter>Header Files</Filter>
    </ClInclude>
    <ClInclude Include="History.h">
      <Filter>Header Files</Filter>
    </ClInclude>
    <ClInclude Include="InitHandler.h">
      <Filter>Header Files</Filter>
    </ClInclude>
    <ClInclude Include="KeyHandler.h">
      <Filter>Header Files</Filter>
    </ClInclude>
    <ClInclude Include="..\System\Math.h">
      <Filter>Header Files</Filter>
    </ClInclude>
    <ClInclude Include="ModifierStack.h">
      <Filter>Header Files</Filter>
    </ClInclude>
    <ClInclude Include="MouseHandler.h">
      <Filter>Header Files</Filter>
    </ClInclude>
    <ClInclude Include="Options.h">
      <Filter>Header Files</Filter>
    </ClInclude>
    <ClInclude Include="resource.h">
      <Filter>Header Files</Filter>
    </ClInclude>
    <ClInclude Include="SelectHandler.h">
      <Filter>Header Files</Filter>
    </ClInclude>
    <ClInclude Include="Selection.h">
      <Filter>Header Files</Filter>
    </ClInclude>
    <ClInclude Include="Shadow.h">
      <Filter>Header Files</Filter>
    </ClInclude>
    <ClInclude Include="State.h">
      <Filter>Header Files</Filter>
    </ClInclude>
    <ClInclude Include="StdAfx.h">
      <Filter>Header Files</Filter>
    </ClInclude>
    <ClInclude Include="System.h">
      <Filter>Header Files</Filter>
    </ClInclude>
    <ClInclude Include="Timeline.h">
      <Filter>Header Files</Filter>
    </ClInclude>
    <ClInclude Include="..\System\Timer.h">
      <Filter>Header Files</Filter>
    </ClInclude>
    <ClInclude Include="View.h">
      <Filter>Header Files</Filter>
    </ClInclude>
    <ClInclude Include="ViewHandler.h">
      <Filter>Header Files</Filter>
    </ClInclude>
    <ClInclude Include="ViewUI.h">
      <Filter>Header Files</Filter>
    </ClInclude>
  </ItemGroup>
  <ItemGroup>
    <Image Include="Data\System\Author.bmp">
      <Filter>Resource Files</Filter>
    </Image>
    <Image Include="Data\System\Logo.bmp">
      <Filter>Resource Files</Filter>
    </Image>
    <Image Include="Data\System\Shadow.ico">
      <Filter>Resource Files</Filter>
    </Image>
  </ItemGroup>
  <ItemGroup>
    <ResourceCompile Include="Shadow.rc">
      <Filter>Resource Files</Filter>
    </ResourceCompile>
  </ItemGroup>
  <ItemGroup>
    <None Include="Data\System\Tool_dolly.cur">
      <Filter>Resource Files</Filter>
    </None>
    <None Include="Data\System\Tool_drag.cur">
      <Filter>Resource Files</Filter>
    </None>
    <None Include="Data\System\Tool_fov.cur">
      <Filter>Resource Files</Filter>
    </None>
    <None Include="Data\System\Tool_move.cur">
      <Filter>Resource Files</Filter>
    </None>
    <None Include="Data\System\Tool_none.cur">
      <Filter>Resource Files</Filter>
    </None>
    <None Include="Data\System\Tool_roll.cur">
      <Filter>Resource Files</Filter>
    </None>
    <None Include="Data\System\Tool_rotate.cur">
      <Filter>Resource Files</Filter>
    </None>
    <None Include="Data\System\Tool_scale.cur">
      <Filter>Resource Files</Filter>
    </None>
    <None Include="Data\System\Tool_select.cur">
      <Filter>Resource Files</Filter>
    </None>
    <None Include="Data\System\Tool_zoom.cur">
      <Filter>Resource Files</Filter>
    </None>
    <None Include="Data\System\Tool_zoomall.cur">
      <Filter>Resource Files</Filter>
    </None>
  </ItemGroup>
</Project>